// !$*UTF8*$!
{
	archiveVersion = 1;
	classes = {
	};
	objectVersion = 46;
	objects = {

/* Begin PBXBuildFile section */
		A454E3DF1C756A420002A436 /* color_bar_warm_cold@2x.png in Resources */ = {isa = PBXBuildFile; fileRef = A454E3DD1C756A420002A436 /* color_bar_warm_cold@2x.png */; };
		A454E3E01C756A420002A436 /* color_bar_warm_cold@3x.png in Resources */ = {isa = PBXBuildFile; fileRef = A454E3DE1C756A420002A436 /* color_bar_warm_cold@3x.png */; };
		A454E3E61C7573500002A436 /* ColorPickerImageView.m in Sources */ = {isa = PBXBuildFile; fileRef = A454E3E51C7573500002A436 /* ColorPickerImageView.m */; };
		A454E3EA1C75C6D00002A436 /* SRLampTypeControlWarmColdcell.m in Sources */ = {isa = PBXBuildFile; fileRef = A454E3E81C75C6D00002A436 /* SRLampTypeControlWarmColdcell.m */; };
		A454E3EB1C75C6D00002A436 /* SRLampTypeControlWarmColdcell.xib in Resources */ = {isa = PBXBuildFile; fileRef = A454E3E91C75C6D00002A436 /* SRLampTypeControlWarmColdcell.xib */; };
		A454E3EE1C75C7010002A436 /* SRWarmColdSlider.m in Sources */ = {isa = PBXBuildFile; fileRef = A454E3ED1C75C7010002A436 /* SRWarmColdSlider.m */; };
		A4A233CC1C5DA0F300B798E5 /* main.m in Sources */ = {isa = PBXBuildFile; fileRef = A4A233CB1C5DA0F300B798E5 /* main.m */; };
		A4A233CF1C5DA0F300B798E5 /* AppDelegate.m in Sources */ = {isa = PBXBuildFile; fileRef = A4A233CE1C5DA0F300B798E5 /* AppDelegate.m */; };
		A4A233D21C5DA0F300B798E5 /* ViewController.m in Sources */ = {isa = PBXBuildFile; fileRef = A4A233D11C5DA0F300B798E5 /* ViewController.m */; };
		A4A233D51C5DA0F300B798E5 /* Main.storyboard in Resources */ = {isa = PBXBuildFile; fileRef = A4A233D31C5DA0F300B798E5 /* Main.storyboard */; };
		A4A233D71C5DA0F300B798E5 /* Assets.xcassets in Resources */ = {isa = PBXBuildFile; fileRef = A4A233D61C5DA0F300B798E5 /* Assets.xcassets */; };
		A4A233DA1C5DA0F300B798E5 /* LaunchScreen.storyboard in Resources */ = {isa = PBXBuildFile; fileRef = A4A233D81C5DA0F300B798E5 /* LaunchScreen.storyboard */; };
		A4A233E41C5DA13000B798E5 /* SRLampTypeControlView.m in Sources */ = {isa = PBXBuildFile; fileRef = A4A233E31C5DA13000B798E5 /* SRLampTypeControlView.m */; };
		A4A233E81C5DB02500B798E5 /* SRLampColor.m in Sources */ = {isa = PBXBuildFile; fileRef = A4A233E71C5DB02500B798E5 /* SRLampColor.m */; };
		A4A233EC1C5DB11B00B798E5 /* SRLampTypeControlColorCell.m in Sources */ = {isa = PBXBuildFile; fileRef = A4A233EA1C5DB11B00B798E5 /* SRLampTypeControlColorCell.m */; };
		A4A233ED1C5DB11B00B798E5 /* SRLampTypeControlColorCell.xib in Resources */ = {isa = PBXBuildFile; fileRef = A4A233EB1C5DB11B00B798E5 /* SRLampTypeControlColorCell.xib */; };
		A4A233F71C5DE9B700B798E5 /* color_blue.png in Resources */ = {isa = PBXBuildFile; fileRef = A4A233F41C5DE9B700B798E5 /* color_blue.png */; };
		A4A233F81C5DE9B700B798E5 /* color_green.png in Resources */ = {isa = PBXBuildFile; fileRef = A4A233F51C5DE9B700B798E5 /* color_green.png */; };
		A4A233F91C5DE9B700B798E5 /* color_red.png in Resources */ = {isa = PBXBuildFile; fileRef = A4A233F61C5DE9B700B798E5 /* color_red.png */; };
		A4A234041C5DEB4200B798E5 /* thumb_blue@2x.png in Resources */ = {isa = PBXBuildFile; fileRef = A4A233FE1C5DEB4200B798E5 /* thumb_blue@2x.png */; };
		A4A234051C5DEB4200B798E5 /* thumb_blue@3x.png in Resources */ = {isa = PBXBuildFile; fileRef = A4A233FF1C5DEB4200B798E5 /* thumb_blue@3x.png */; };
		A4A234061C5DEB4200B798E5 /* thumb_green@2x.png in Resources */ = {isa = PBXBuildFile; fileRef = A4A234001C5DEB4200B798E5 /* thumb_green@2x.png */; };
		A4A234071C5DEB4200B798E5 /* thumb_green@3x.png in Resources */ = {isa = PBXBuildFile; fileRef = A4A234011C5DEB4200B798E5 /* thumb_green@3x.png */; };
		A4A2340D1C5DEBE400B798E5 /* thumb_red@2x.png in Resources */ = {isa = PBXBuildFile; fileRef = A4A2340B1C5DEBE400B798E5 /* thumb_red@2x.png */; };
		A4A2340E1C5DEBE400B798E5 /* thumb_red@3x.png in Resources */ = {isa = PBXBuildFile; fileRef = A4A2340C1C5DEBE400B798E5 /* thumb_red@3x.png */; };
		A4A234101C5DF0CA00B798E5 /* color_white.png in Resources */ = {isa = PBXBuildFile; fileRef = A4A2340F1C5DF0CA00B798E5 /* color_white.png */; };
		A4A234131C5DF0D300B798E5 /* thumb_white@2x.png in Resources */ = {isa = PBXBuildFile; fileRef = A4A234111C5DF0D300B798E5 /* thumb_white@2x.png */; };
		A4A234141C5DF0D300B798E5 /* thumb_white@3x.png in Resources */ = {isa = PBXBuildFile; fileRef = A4A234121C5DF0D300B798E5 /* thumb_white@3x.png */; };
		A4A234181C5DF13300B798E5 /* SRLampTypeControlWBCell.m in Sources */ = {isa = PBXBuildFile; fileRef = A4A234161C5DF13300B798E5 /* SRLampTypeControlWBCell.m */; };
		A4A234191C5DF13300B798E5 /* SRLampTypeControlWBCell.xib in Resources */ = {isa = PBXBuildFile; fileRef = A4A234171C5DF13300B798E5 /* SRLampTypeControlWBCell.xib */; };
		A4AA24F11C76A63F0006F130 /* SRWarmColdView.m in Sources */ = {isa = PBXBuildFile; fileRef = A4AA24F01C76A63F0006F130 /* SRWarmColdView.m */; };
		A4AA24F41C76C9AD0006F130 /* color_bar_control@2x.png in Resources */ = {isa = PBXBuildFile; fileRef = A4AA24F21C76C9AD0006F130 /* color_bar_control@2x.png */; };
		A4AA24F51C76C9AD0006F130 /* color_bar_control@3x.png in Resources */ = {isa = PBXBuildFile; fileRef = A4AA24F31C76C9AD0006F130 /* color_bar_control@3x.png */; };
		A4C200891C74541C00EA4C5B /* SRColorGradient.m in Sources */ = {isa = PBXBuildFile; fileRef = A4C200881C74541C00EA4C5B /* SRColorGradient.m */; };
		A4FF0F661C72EEBA00845CB3 /* SRLampTypeControlMulticolourCell.m in Sources */ = {isa = PBXBuildFile; fileRef = A4FF0F641C72EEBA00845CB3 /* SRLampTypeControlMulticolourCell.m */; };
		A4FF0F671C72EEBA00845CB3 /* SRLampTypeControlMulticolourCell.xib in Resources */ = {isa = PBXBuildFile; fileRef = A4FF0F651C72EEBA00845CB3 /* SRLampTypeControlMulticolourCell.xib */; };
		A4FF0F6E1C72F90800845CB3 /* color_bar@2x.png in Resources */ = {isa = PBXBuildFile; fileRef = A4FF0F6A1C72F90800845CB3 /* color_bar@2x.png */; };
		A4FF0F6F1C72F90800845CB3 /* color_bar@3x.png in Resources */ = {isa = PBXBuildFile; fileRef = A4FF0F6B1C72F90800845CB3 /* color_bar@3x.png */; };
		A4FF0F721C72F9E200845CB3 /* SRColor.m in Sources */ = {isa = PBXBuildFile; fileRef = A4FF0F711C72F9E200845CB3 /* SRColor.m */; };
		A4FF0F751C72FA6500845CB3 /* SRColorSlider.m in Sources */ = {isa = PBXBuildFile; fileRef = A4FF0F741C72FA6500845CB3 /* SRColorSlider.m */; };
/* End PBXBuildFile section */

/* Begin PBXFileReference section */
		A454E3DD1C756A420002A436 /* color_bar_warm_cold@2x.png */ = {isa = PBXFileReference; lastKnownFileType = image.png; path = "color_bar_warm_cold@2x.png"; sourceTree = "<group>"; };
		A454E3DE1C756A420002A436 /* color_bar_warm_cold@3x.png */ = {isa = PBXFileReference; lastKnownFileType = image.png; path = "color_bar_warm_cold@3x.png"; sourceTree = "<group>"; };
		A454E3E41C7573500002A436 /* ColorPickerImageView.h */ = {isa = PBXFileReference; fileEncoding = 4; lastKnownFileType = sourcecode.c.h; path = ColorPickerImageView.h; sourceTree = "<group>"; };
		A454E3E51C7573500002A436 /* ColorPickerImageView.m */ = {isa = PBXFileReference; fileEncoding = 4; lastKnownFileType = sourcecode.c.objc; path = ColorPickerImageView.m; sourceTree = "<group>"; };
		A454E3E71C75C6D00002A436 /* SRLampTypeControlWarmColdcell.h */ = {isa = PBXFileReference; fileEncoding = 4; lastKnownFileType = sourcecode.c.h; path = SRLampTypeControlWarmColdcell.h; sourceTree = "<group>"; };
		A454E3E81C75C6D00002A436 /* SRLampTypeControlWarmColdcell.m */ = {isa = PBXFileReference; fileEncoding = 4; lastKnownFileType = sourcecode.c.objc; path = SRLampTypeControlWarmColdcell.m; sourceTree = "<group>"; };
		A454E3E91C75C6D00002A436 /* SRLampTypeControlWarmColdcell.xib */ = {isa = PBXFileReference; fileEncoding = 4; lastKnownFileType = file.xib; path = SRLampTypeControlWarmColdcell.xib; sourceTree = "<group>"; };
		A454E3EC1C75C7010002A436 /* SRWarmColdSlider.h */ = {isa = PBXFileReference; fileEncoding = 4; lastKnownFileType = sourcecode.c.h; path = SRWarmColdSlider.h; sourceTree = "<group>"; };
		A454E3ED1C75C7010002A436 /* SRWarmColdSlider.m */ = {isa = PBXFileReference; fileEncoding = 4; lastKnownFileType = sourcecode.c.objc; path = SRWarmColdSlider.m; sourceTree = "<group>"; };
		A4A233C71C5DA0F300B798E5 /* SRLampTypeController.app */ = {isa = PBXFileReference; explicitFileType = wrapper.application; includeInIndex = 0; path = SRLampTypeController.app; sourceTree = BUILT_PRODUCTS_DIR; };
		A4A233CB1C5DA0F300B798E5 /* main.m */ = {isa = PBXFileReference; lastKnownFileType = sourcecode.c.objc; path = main.m; sourceTree = "<group>"; };
		A4A233CD1C5DA0F300B798E5 /* AppDelegate.h */ = {isa = PBXFileReference; lastKnownFileType = sourcecode.c.h; path = AppDelegate.h; sourceTree = "<group>"; };
		A4A233CE1C5DA0F300B798E5 /* AppDelegate.m */ = {isa = PBXFileReference; lastKnownFileType = sourcecode.c.objc; path = AppDelegate.m; sourceTree = "<group>"; };
		A4A233D01C5DA0F300B798E5 /* ViewController.h */ = {isa = PBXFileReference; lastKnownFileType = sourcecode.c.h; path = ViewController.h; sourceTree = "<group>"; };
		A4A233D11C5DA0F300B798E5 /* ViewController.m */ = {isa = PBXFileReference; lastKnownFileType = sourcecode.c.objc; path = ViewController.m; sourceTree = "<group>"; };
		A4A233D41C5DA0F300B798E5 /* Base */ = {isa = PBXFileReference; lastKnownFileType = file.storyboard; name = Base; path = Base.lproj/Main.storyboard; sourceTree = "<group>"; };
		A4A233D61C5DA0F300B798E5 /* Assets.xcassets */ = {isa = PBXFileReference; lastKnownFileType = folder.assetcatalog; path = Assets.xcassets; sourceTree = "<group>"; };
		A4A233D91C5DA0F300B798E5 /* Base */ = {isa = PBXFileReference; lastKnownFileType = file.storyboard; name = Base; path = Base.lproj/LaunchScreen.storyboard; sourceTree = "<group>"; };
		A4A233DB1C5DA0F300B798E5 /* Info.plist */ = {isa = PBXFileReference; lastKnownFileType = text.plist.xml; path = Info.plist; sourceTree = "<group>"; };
		A4A233E21C5DA13000B798E5 /* SRLampTypeControlView.h */ = {isa = PBXFileReference; fileEncoding = 4; lastKnownFileType = sourcecode.c.h; path = SRLampTypeControlView.h; sourceTree = "<group>"; };
		A4A233E31C5DA13000B798E5 /* SRLampTypeControlView.m */ = {isa = PBXFileReference; fileEncoding = 4; lastKnownFileType = sourcecode.c.objc; path = SRLampTypeControlView.m; sourceTree = "<group>"; };
		A4A233E61C5DB02500B798E5 /* SRLampColor.h */ = {isa = PBXFileReference; fileEncoding = 4; lastKnownFileType = sourcecode.c.h; path = SRLampColor.h; sourceTree = "<group>"; };
		A4A233E71C5DB02500B798E5 /* SRLampColor.m */ = {isa = PBXFileReference; fileEncoding = 4; lastKnownFileType = sourcecode.c.objc; path = SRLampColor.m; sourceTree = "<group>"; };
		A4A233E91C5DB11B00B798E5 /* SRLampTypeControlColorCell.h */ = {isa = PBXFileReference; fileEncoding = 4; lastKnownFileType = sourcecode.c.h; path = SRLampTypeControlColorCell.h; sourceTree = "<group>"; };
		A4A233EA1C5DB11B00B798E5 /* SRLampTypeControlColorCell.m */ = {isa = PBXFileReference; fileEncoding = 4; lastKnownFileType = sourcecode.c.objc; path = SRLampTypeControlColorCell.m; sourceTree = "<group>"; };
		A4A233EB1C5DB11B00B798E5 /* SRLampTypeControlColorCell.xib */ = {isa = PBXFileReference; fileEncoding = 4; lastKnownFileType = file.xib; path = SRLampTypeControlColorCell.xib; sourceTree = "<group>"; };
		A4A233F41C5DE9B700B798E5 /* color_blue.png */ = {isa = PBXFileReference; lastKnownFileType = image.png; path = color_blue.png; sourceTree = "<group>"; };
		A4A233F51C5DE9B700B798E5 /* color_green.png */ = {isa = PBXFileReference; lastKnownFileType = image.png; path = color_green.png; sourceTree = "<group>"; };
		A4A233F61C5DE9B700B798E5 /* color_red.png */ = {isa = PBXFileReference; lastKnownFileType = image.png; path = color_red.png; sourceTree = "<group>"; };
		A4A233FE1C5DEB4200B798E5 /* thumb_blue@2x.png */ = {isa = PBXFileReference; lastKnownFileType = image.png; path = "thumb_blue@2x.png"; sourceTree = "<group>"; };
		A4A233FF1C5DEB4200B798E5 /* thumb_blue@3x.png */ = {isa = PBXFileReference; lastKnownFileType = image.png; path = "thumb_blue@3x.png"; sourceTree = "<group>"; };
		A4A234001C5DEB4200B798E5 /* thumb_green@2x.png */ = {isa = PBXFileReference; lastKnownFileType = image.png; path = "thumb_green@2x.png"; sourceTree = "<group>"; };
		A4A234011C5DEB4200B798E5 /* thumb_green@3x.png */ = {isa = PBXFileReference; lastKnownFileType = image.png; path = "thumb_green@3x.png"; sourceTree = "<group>"; };
		A4A2340B1C5DEBE400B798E5 /* thumb_red@2x.png */ = {isa = PBXFileReference; lastKnownFileType = image.png; path = "thumb_red@2x.png"; sourceTree = "<group>"; };
		A4A2340C1C5DEBE400B798E5 /* thumb_red@3x.png */ = {isa = PBXFileReference; lastKnownFileType = image.png; path = "thumb_red@3x.png"; sourceTree = "<group>"; };
		A4A2340F1C5DF0CA00B798E5 /* color_white.png */ = {isa = PBXFileReference; lastKnownFileType = image.png; path = color_white.png; sourceTree = "<group>"; };
		A4A234111C5DF0D300B798E5 /* thumb_white@2x.png */ = {isa = PBXFileReference; lastKnownFileType = image.png; path = "thumb_white@2x.png"; sourceTree = "<group>"; };
		A4A234121C5DF0D300B798E5 /* thumb_white@3x.png */ = {isa = PBXFileReference; lastKnownFileType = image.png; path = "thumb_white@3x.png"; sourceTree = "<group>"; };
		A4A234151C5DF13300B798E5 /* SRLampTypeControlWBCell.h */ = {isa = PBXFileReference; fileEncoding = 4; lastKnownFileType = sourcecode.c.h; path = SRLampTypeControlWBCell.h; sourceTree = "<group>"; };
		A4A234161C5DF13300B798E5 /* SRLampTypeControlWBCell.m */ = {isa = PBXFileReference; fileEncoding = 4; lastKnownFileType = sourcecode.c.objc; path = SRLampTypeControlWBCell.m; sourceTree = "<group>"; };
		A4A234171C5DF13300B798E5 /* SRLampTypeControlWBCell.xib */ = {isa = PBXFileReference; fileEncoding = 4; lastKnownFileType = file.xib; path = SRLampTypeControlWBCell.xib; sourceTree = "<group>"; };
		A4AA24EF1C76A63F0006F130 /* SRWarmColdView.h */ = {isa = PBXFileReference; fileEncoding = 4; lastKnownFileType = sourcecode.c.h; path = SRWarmColdView.h; sourceTree = "<group>"; };
		A4AA24F01C76A63F0006F130 /* SRWarmColdView.m */ = {isa = PBXFileReference; fileEncoding = 4; lastKnownFileType = sourcecode.c.objc; path = SRWarmColdView.m; sourceTree = "<group>"; };
		A4AA24F21C76C9AD0006F130 /* color_bar_control@2x.png */ = {isa = PBXFileReference; lastKnownFileType = image.png; path = "color_bar_control@2x.png"; sourceTree = "<group>"; };
		A4AA24F31C76C9AD0006F130 /* color_bar_control@3x.png */ = {isa = PBXFileReference; lastKnownFileType = image.png; path = "color_bar_control@3x.png"; sourceTree = "<group>"; };
		A4C200871C74541C00EA4C5B /* SRColorGradient.h */ = {isa = PBXFileReference; fileEncoding = 4; lastKnownFileType = sourcecode.c.h; path = SRColorGradient.h; sourceTree = "<group>"; };
		A4C200881C74541C00EA4C5B /* SRColorGradient.m */ = {isa = PBXFileReference; fileEncoding = 4; lastKnownFileType = sourcecode.c.objc; path = SRColorGradient.m; sourceTree = "<group>"; };
		A4FF0F631C72EEBA00845CB3 /* SRLampTypeControlMulticolourCell.h */ = {isa = PBXFileReference; fileEncoding = 4; lastKnownFileType = sourcecode.c.h; path = SRLampTypeControlMulticolourCell.h; sourceTree = "<group>"; };
		A4FF0F641C72EEBA00845CB3 /* SRLampTypeControlMulticolourCell.m */ = {isa = PBXFileReference; fileEncoding = 4; lastKnownFileType = sourcecode.c.objc; path = SRLampTypeControlMulticolourCell.m; sourceTree = "<group>"; };
		A4FF0F651C72EEBA00845CB3 /* SRLampTypeControlMulticolourCell.xib */ = {isa = PBXFileReference; fileEncoding = 4; lastKnownFileType = file.xib; path = SRLampTypeControlMulticolourCell.xib; sourceTree = "<group>"; };
		A4FF0F6A1C72F90800845CB3 /* color_bar@2x.png */ = {isa = PBXFileReference; lastKnownFileType = image.png; path = "color_bar@2x.png"; sourceTree = "<group>"; };
		A4FF0F6B1C72F90800845CB3 /* color_bar@3x.png */ = {isa = PBXFileReference; lastKnownFileType = image.png; path = "color_bar@3x.png"; sourceTree = "<group>"; };
		A4FF0F701C72F9E200845CB3 /* SRColor.h */ = {isa = PBXFileReference; fileEncoding = 4; lastKnownFileType = sourcecode.c.h; path = SRColor.h; sourceTree = "<group>"; };
		A4FF0F711C72F9E200845CB3 /* SRColor.m */ = {isa = PBXFileReference; fileEncoding = 4; lastKnownFileType = sourcecode.c.objc; path = SRColor.m; sourceTree = "<group>"; };
		A4FF0F731C72FA6500845CB3 /* SRColorSlider.h */ = {isa = PBXFileReference; fileEncoding = 4; lastKnownFileType = sourcecode.c.h; path = SRColorSlider.h; sourceTree = "<group>"; };
		A4FF0F741C72FA6500845CB3 /* SRColorSlider.m */ = {isa = PBXFileReference; fileEncoding = 4; lastKnownFileType = sourcecode.c.objc; path = SRColorSlider.m; sourceTree = "<group>"; };
/* End PBXFileReference section */

/* Begin PBXFrameworksBuildPhase section */
		A4A233C41C5DA0F300B798E5 /* Frameworks */ = {
			isa = PBXFrameworksBuildPhase;
			buildActionMask = 2147483647;
			files = (
			);
			runOnlyForDeploymentPostprocessing = 0;
		};
/* End PBXFrameworksBuildPhase section */

/* Begin PBXGroup section */
		A4A233BE1C5DA0F300B798E5 = {
			isa = PBXGroup;
			children = (
				A4A233C91C5DA0F300B798E5 /* SRLampTypeController */,
				A4A233C81C5DA0F300B798E5 /* Products */,
			);
			sourceTree = "<group>";
		};
		A4A233C81C5DA0F300B798E5 /* Products */ = {
			isa = PBXGroup;
			children = (
				A4A233C71C5DA0F300B798E5 /* SRLampTypeController.app */,
			);
			name = Products;
			sourceTree = "<group>";
		};
		A4A233C91C5DA0F300B798E5 /* SRLampTypeController */ = {
			isa = PBXGroup;
			children = (
				A4A233E11C5DA10700B798E5 /* LampTypeControlView */,
				A4A233CD1C5DA0F300B798E5 /* AppDelegate.h */,
				A4A233CE1C5DA0F300B798E5 /* AppDelegate.m */,
				A4A233D01C5DA0F300B798E5 /* ViewController.h */,
				A4A233D11C5DA0F300B798E5 /* ViewController.m */,
				A4A233D31C5DA0F300B798E5 /* Main.storyboard */,
				A4A233D61C5DA0F300B798E5 /* Assets.xcassets */,
				A4A233D81C5DA0F300B798E5 /* LaunchScreen.storyboard */,
				A4A233DB1C5DA0F300B798E5 /* Info.plist */,
				A4A233CA1C5DA0F300B798E5 /* Supporting Files */,
			);
			path = SRLampTypeController;
			sourceTree = "<group>";
		};
		A4A233CA1C5DA0F300B798E5 /* Supporting Files */ = {
			isa = PBXGroup;
			children = (
				A4A233CB1C5DA0F300B798E5 /* main.m */,
			);
			name = "Supporting Files";
			sourceTree = "<group>";
		};
		A4A233E11C5DA10700B798E5 /* LampTypeControlView */ = {
			isa = PBXGroup;
			children = (
				A4A2340A1C5DEB4F00B798E5 /* Images for control view */,
				A4FF0F701C72F9E200845CB3 /* SRColor.h */,
				A4FF0F711C72F9E200845CB3 /* SRColor.m */,
				A4C200871C74541C00EA4C5B /* SRColorGradient.h */,
				A4C200881C74541C00EA4C5B /* SRColorGradient.m */,
				A4AA24EF1C76A63F0006F130 /* SRWarmColdView.h */,
				A4AA24F01C76A63F0006F130 /* SRWarmColdView.m */,
				A4FF0F731C72FA6500845CB3 /* SRColorSlider.h */,
				A4FF0F741C72FA6500845CB3 /* SRColorSlider.m */,
				A454E3EC1C75C7010002A436 /* SRWarmColdSlider.h */,
				A454E3ED1C75C7010002A436 /* SRWarmColdSlider.m */,
				A4A233E61C5DB02500B798E5 /* SRLampColor.h */,
				A4A233E71C5DB02500B798E5 /* SRLampColor.m */,
				A454E3E41C7573500002A436 /* ColorPickerImageView.h */,
				A454E3E51C7573500002A436 /* ColorPickerImageView.m */,
				A4A233E91C5DB11B00B798E5 /* SRLampTypeControlColorCell.h */,
				A4A233EA1C5DB11B00B798E5 /* SRLampTypeControlColorCell.m */,
				A4A233EB1C5DB11B00B798E5 /* SRLampTypeControlColorCell.xib */,
				A4A234151C5DF13300B798E5 /* SRLampTypeControlWBCell.h */,
				A4A234161C5DF13300B798E5 /* SRLampTypeControlWBCell.m */,
				A4A234171C5DF13300B798E5 /* SRLampTypeControlWBCell.xib */,
				A4FF0F631C72EEBA00845CB3 /* SRLampTypeControlMulticolourCell.h */,
				A4FF0F641C72EEBA00845CB3 /* SRLampTypeControlMulticolourCell.m */,
				A4FF0F651C72EEBA00845CB3 /* SRLampTypeControlMulticolourCell.xib */,
				A454E3E71C75C6D00002A436 /* SRLampTypeControlWarmColdcell.h */,
				A454E3E81C75C6D00002A436 /* SRLampTypeControlWarmColdcell.m */,
				A454E3E91C75C6D00002A436 /* SRLampTypeControlWarmColdcell.xib */,
				A4A233E21C5DA13000B798E5 /* SRLampTypeControlView.h */,
				A4A233E31C5DA13000B798E5 /* SRLampTypeControlView.m */,
			);
			name = LampTypeControlView;
			sourceTree = "<group>";
		};
		A4A2340A1C5DEB4F00B798E5 /* Images for control view */ = {
			isa = PBXGroup;
			children = (
				A4AA24F21C76C9AD0006F130 /* color_bar_control@2x.png */,
				A4AA24F31C76C9AD0006F130 /* color_bar_control@3x.png */,
				A454E3DD1C756A420002A436 /* color_bar_warm_cold@2x.png */,
				A454E3DE1C756A420002A436 /* color_bar_warm_cold@3x.png */,
				A4FF0F6A1C72F90800845CB3 /* color_bar@2x.png */,
				A4FF0F6B1C72F90800845CB3 /* color_bar@3x.png */,
				A4A234111C5DF0D300B798E5 /* thumb_white@2x.png */,
				A4A234121C5DF0D300B798E5 /* thumb_white@3x.png */,
				A4A2340F1C5DF0CA00B798E5 /* color_white.png */,
				A4A2340B1C5DEBE400B798E5 /* thumb_red@2x.png */,
				A4A2340C1C5DEBE400B798E5 /* thumb_red@3x.png */,
				A4A233FE1C5DEB4200B798E5 /* thumb_blue@2x.png */,
				A4A233FF1C5DEB4200B798E5 /* thumb_blue@3x.png */,
				A4A234001C5DEB4200B798E5 /* thumb_green@2x.png */,
				A4A234011C5DEB4200B798E5 /* thumb_green@3x.png */,
				A4A233F41C5DE9B700B798E5 /* color_blue.png */,
				A4A233F51C5DE9B700B798E5 /* color_green.png */,
				A4A233F61C5DE9B700B798E5 /* color_red.png */,
			);
			name = "Images for control view";
			sourceTree = "<group>";
		};
/* End PBXGroup section */

/* Begin PBXNativeTarget section */
		A4A233C61C5DA0F300B798E5 /* SRLampTypeController */ = {
			isa = PBXNativeTarget;
			buildConfigurationList = A4A233DE1C5DA0F300B798E5 /* Build configuration list for PBXNativeTarget "SRLampTypeController" */;
			buildPhases = (
				A4A233C31C5DA0F300B798E5 /* Sources */,
				A4A233C41C5DA0F300B798E5 /* Frameworks */,
				A4A233C51C5DA0F300B798E5 /* Resources */,
			);
			buildRules = (
			);
			dependencies = (
			);
			name = SRLampTypeController;
			productName = SRLampTypeController;
			productReference = A4A233C71C5DA0F300B798E5 /* SRLampTypeController.app */;
			productType = "com.apple.product-type.application";
		};
/* End PBXNativeTarget section */

/* Begin PBXProject section */
		A4A233BF1C5DA0F300B798E5 /* Project object */ = {
			isa = PBXProject;
			attributes = {
				LastUpgradeCheck = 0720;
				ORGANIZATIONNAME = sunricher;
				TargetAttributes = {
					A4A233C61C5DA0F300B798E5 = {
						CreatedOnToolsVersion = 7.2;
					};
				};
			};
			buildConfigurationList = A4A233C21C5DA0F300B798E5 /* Build configuration list for PBXProject "SRLampTypeController" */;
			compatibilityVersion = "Xcode 3.2";
			developmentRegion = English;
			hasScannedForEncodings = 0;
			knownRegions = (
				en,
				Base,
			);
			mainGroup = A4A233BE1C5DA0F300B798E5;
			productRefGroup = A4A233C81C5DA0F300B798E5 /* Products */;
			projectDirPath = "";
			projectRoot = "";
			targets = (
				A4A233C61C5DA0F300B798E5 /* SRLampTypeController */,
			);
		};
/* End PBXProject section */

/* Begin PBXResourcesBuildPhase section */
		A4A233C51C5DA0F300B798E5 /* Resources */ = {
			isa = PBXResourcesBuildPhase;
			buildActionMask = 2147483647;
			files = (
				A4A234191C5DF13300B798E5 /* SRLampTypeControlWBCell.xib in Resources */,
				A454E3EB1C75C6D00002A436 /* SRLampTypeControlWarmColdcell.xib in Resources */,
				A4A234141C5DF0D300B798E5 /* thumb_white@3x.png in Resources */,
				A4A233ED1C5DB11B00B798E5 /* SRLampTypeControlColorCell.xib in Resources */,
				A4A233F81C5DE9B700B798E5 /* color_green.png in Resources */,
				A4FF0F6E1C72F90800845CB3 /* color_bar@2x.png in Resources */,
				A4A233DA1C5DA0F300B798E5 /* LaunchScreen.storyboard in Resources */,
				A4A233F91C5DE9B700B798E5 /* color_red.png in Resources */,
				A4AA24F41C76C9AD0006F130 /* color_bar_control@2x.png in Resources */,
				A454E3DF1C756A420002A436 /* color_bar_warm_cold@2x.png in Resources */,
				A4A234071C5DEB4200B798E5 /* thumb_green@3x.png in Resources */,
				A454E3E01C756A420002A436 /* color_bar_warm_cold@3x.png in Resources */,
				A4A234101C5DF0CA00B798E5 /* color_white.png in Resources */,
				A4FF0F671C72EEBA00845CB3 /* SRLampTypeControlMulticolourCell.xib in Resources */,
				A4A233D71C5DA0F300B798E5 /* Assets.xcassets in Resources */,
				A4A234131C5DF0D300B798E5 /* thumb_white@2x.png in Resources */,
				A4AA24F51C76C9AD0006F130 /* color_bar_control@3x.png in Resources */,
				A4A233F71C5DE9B700B798E5 /* color_blue.png in Resources */,
				A4A2340D1C5DEBE400B798E5 /* thumb_red@2x.png in Resources */,
				A4A234041C5DEB4200B798E5 /* thumb_blue@2x.png in Resources */,
				A4FF0F6F1C72F90800845CB3 /* color_bar@3x.png in Resources */,
				A4A234051C5DEB4200B798E5 /* thumb_blue@3x.png in Resources */,
				A4A233D51C5DA0F300B798E5 /* Main.storyboard in Resources */,
				A4A2340E1C5DEBE400B798E5 /* thumb_red@3x.png in Resources */,
				A4A234061C5DEB4200B798E5 /* thumb_green@2x.png in Resources */,
			);
			runOnlyForDeploymentPostprocessing = 0;
		};
/* End PBXResourcesBuildPhase section */

/* Begin PBXSourcesBuildPhase section */
		A4A233C31C5DA0F300B798E5 /* Sources */ = {
			isa = PBXSourcesBuildPhase;
			buildActionMask = 2147483647;
			files = (
				A454E3E61C7573500002A436 /* ColorPickerImageView.m in Sources */,
				A4A233EC1C5DB11B00B798E5 /* SRLampTypeControlColorCell.m in Sources */,
				A454E3EA1C75C6D00002A436 /* SRLampTypeControlWarmColdcell.m in Sources */,
				A4C200891C74541C00EA4C5B /* SRColorGradient.m in Sources */,
				A454E3EE1C75C7010002A436 /* SRWarmColdSlider.m in Sources */,
				A4A233D21C5DA0F300B798E5 /* ViewController.m in Sources */,
				A4A234181C5DF13300B798E5 /* SRLampTypeControlWBCell.m in Sources */,
				A4FF0F751C72FA6500845CB3 /* SRColorSlider.m in Sources */,
				A4AA24F11C76A63F0006F130 /* SRWarmColdView.m in Sources */,
				A4A233CF1C5DA0F300B798E5 /* AppDelegate.m in Sources */,
				A4A233CC1C5DA0F300B798E5 /* main.m in Sources */,
				A4A233E81C5DB02500B798E5 /* SRLampColor.m in Sources */,
				A4FF0F721C72F9E200845CB3 /* SRColor.m in Sources */,
				A4FF0F661C72EEBA00845CB3 /* SRLampTypeControlMulticolourCell.m in Sources */,
				A4A233E41C5DA13000B798E5 /* SRLampTypeControlView.m in Sources */,
			);
			runOnlyForDeploymentPostprocessing = 0;
		};
/* End PBXSourcesBuildPhase section */

/* Begin PBXVariantGroup section */
		A4A233D31C5DA0F300B798E5 /* Main.storyboard */ = {
			isa = PBXVariantGroup;
			children = (
				A4A233D41C5DA0F300B798E5 /* Base */,
			);
			name = Main.storyboard;
			sourceTree = "<group>";
		};
		A4A233D81C5DA0F300B798E5 /* LaunchScreen.storyboard */ = {
			isa = PBXVariantGroup;
			children = (
				A4A233D91C5DA0F300B798E5 /* Base */,
			);
			name = LaunchScreen.storyboard;
			sourceTree = "<group>";
		};
/* End PBXVariantGroup section */

/* Begin XCBuildConfiguration section */
		A4A233DC1C5DA0F300B798E5 /* Debug */ = {
			isa = XCBuildConfiguration;
			buildSettings = {
				ALWAYS_SEARCH_USER_PATHS = NO;
				CLANG_CXX_LANGUAGE_STANDARD = "gnu++0x";
				CLANG_CXX_LIBRARY = "libc++";
				CLANG_ENABLE_MODULES = YES;
				CLANG_ENABLE_OBJC_ARC = YES;
				CLANG_WARN_BOOL_CONVERSION = YES;
				CLANG_WARN_CONSTANT_CONVERSION = YES;
				CLANG_WARN_DIRECT_OBJC_ISA_USAGE = YES_ERROR;
				CLANG_WARN_EMPTY_BODY = YES;
				CLANG_WARN_ENUM_CONVERSION = YES;
				CLANG_WARN_INT_CONVERSION = YES;
				CLANG_WARN_OBJC_ROOT_CLASS = YES_ERROR;
				CLANG_WARN_UNREACHABLE_CODE = YES;
				CLANG_WARN__DUPLICATE_METHOD_MATCH = YES;
				"CODE_SIGN_IDENTITY[sdk=iphoneos*]" = "iPhone Developer";
				COPY_PHASE_STRIP = NO;
				DEBUG_INFORMATION_FORMAT = dwarf;
				ENABLE_STRICT_OBJC_MSGSEND = YES;
				ENABLE_TESTABILITY = YES;
				GCC_C_LANGUAGE_STANDARD = gnu99;
				GCC_DYNAMIC_NO_PIC = NO;
				GCC_NO_COMMON_BLOCKS = YES;
				GCC_OPTIMIZATION_LEVEL = 0;
				GCC_PREPROCESSOR_DEFINITIONS = (
					"DEBUG=1",
					"$(inherited)",
				);
				GCC_WARN_64_TO_32_BIT_CONVERSION = YES;
				GCC_WARN_ABOUT_RETURN_TYPE = YES_ERROR;
				GCC_WARN_UNDECLARED_SELECTOR = YES;
				GCC_WARN_UNINITIALIZED_AUTOS = YES_AGGRESSIVE;
				GCC_WARN_UNUSED_FUNCTION = YES;
				GCC_WARN_UNUSED_VARIABLE = YES;
				IPHONEOS_DEPLOYMENT_TARGET = 9.2;
				MTL_ENABLE_DEBUG_INFO = YES;
				ONLY_ACTIVE_ARCH = YES;
				SDKROOT = iphoneos;
				TARGETED_DEVICE_FAMILY = "1,2";
			};
			name = Debug;
		};
		A4A233DD1C5DA0F300B798E5 /* Release */ = {
			isa = XCBuildConfiguration;
			buildSettings = {
				ALWAYS_SEARCH_USER_PATHS = NO;
				CLANG_CXX_LANGUAGE_STANDARD = "gnu++0x";
				CLANG_CXX_LIBRARY = "libc++";
				CLANG_ENABLE_MODULES = YES;
				CLANG_ENABLE_OBJC_ARC = YES;
				CLANG_WARN_BOOL_CONVERSION = YES;
				CLANG_WARN_CONSTANT_CONVERSION = YES;
				CLANG_WARN_DIRECT_OBJC_ISA_USAGE = YES_ERROR;
				CLANG_WARN_EMPTY_BODY = YES;
				CLANG_WARN_ENUM_CONVERSION = YES;
				CLANG_WARN_INT_CONVERSION = YES;
				CLANG_WARN_OBJC_ROOT_CLASS = YES_ERROR;
				CLANG_WARN_UNREACHABLE_CODE = YES;
				CLANG_WARN__DUPLICATE_METHOD_MATCH = YES;
				"CODE_SIGN_IDENTITY[sdk=iphoneos*]" = "iPhone Developer";
				COPY_PHASE_STRIP = NO;
				DEBUG_INFORMATION_FORMAT = "dwarf-with-dsym";
				ENABLE_NS_ASSERTIONS = NO;
				ENABLE_STRICT_OBJC_MSGSEND = YES;
				GCC_C_LANGUAGE_STANDARD = gnu99;
				GCC_NO_COMMON_BLOCKS = YES;
				GCC_WARN_64_TO_32_BIT_CONVERSION = YES;
				GCC_WARN_ABOUT_RETURN_TYPE = YES_ERROR;
				GCC_WARN_UNDECLARED_SELECTOR = YES;
				GCC_WARN_UNINITIALIZED_AUTOS = YES_AGGRESSIVE;
				GCC_WARN_UNUSED_FUNCTION = YES;
				GCC_WARN_UNUSED_VARIABLE = YES;
				IPHONEOS_DEPLOYMENT_TARGET = 9.2;
				MTL_ENABLE_DEBUG_INFO = NO;
				SDKROOT = iphoneos;
				TARGETED_DEVICE_FAMILY = "1,2";
				VALIDATE_PRODUCT = YES;
			};
			name = Release;
		};
		A4A233DF1C5DA0F300B798E5 /* Debug */ = {
			isa = XCBuildConfiguration;
			buildSettings = {
				ASSETCATALOG_COMPILER_APPICON_NAME = AppIcon;
				ASSETCATALOG_COMPILER_LAUNCHIMAGE_NAME = LaunchImage;
				INFOPLIST_FILE = SRLampTypeController/Info.plist;
				IPHONEOS_DEPLOYMENT_TARGET = 7.0;
				LD_RUNPATH_SEARCH_PATHS = "$(inherited) @executable_path/Frameworks";
				PRODUCT_BUNDLE_IDENTIFIER = com.sunricher.SRLampTypeController;
				PRODUCT_NAME = "$(TARGET_NAME)";
			};
			name = Debug;
		};
		A4A233E01C5DA0F300B798E5 /* Release */ = {
			isa = XCBuildConfiguration;
			buildSettings = {
				ASSETCATALOG_COMPILER_APPICON_NAME = AppIcon;
				ASSETCATALOG_COMPILER_LAUNCHIMAGE_NAME = LaunchImage;
				INFOPLIST_FILE = SRLampTypeController/Info.plist;
				IPHONEOS_DEPLOYMENT_TARGET = 7.0;
				LD_RUNPATH_SEARCH_PATHS = "$(inherited) @executable_path/Frameworks";
				PRODUCT_BUNDLE_IDENTIFIER = com.sunricher.SRLampTypeController;
				PRODUCT_NAME = "$(TARGET_NAME)";
			};
			name = Release;
		};
/* End XCBuildConfiguration section */

/* Begin XCConfigurationList section */
		A4A233C21C5DA0F300B798E5 /* Build configuration list for PBXProject "SRLampTypeController" */ = {
			isa = XCConfigurationList;
			buildConfigurations = (
				A4A233DC1C5DA0F300B798E5 /* Debug */,
				A4A233DD1C5DA0F300B798E5 /* Release */,
			);
			defaultConfigurationIsVisible = 0;
			defaultConfigurationName = Release;
		};
		A4A233DE1C5DA0F300B798E5 /* Build configuration list for PBXNativeTarget "SRLampTypeController" */ = {
			isa = XCConfigurationList;
			buildConfigurations = (
				A4A233DF1C5DA0F300B798E5 /* Debug */,
				A4A233E01C5DA0F300B798E5 /* Release */,
			);
			defaultConfigurationIsVisible = 0;
			defaultConfigurationName = Release;
		};
/* End XCConfigurationList section */
	};
	rootObject = A4A233BF1C5DA0F300B798E5 /* Project object */;
}
